Microsoft Visual Studio Solution File, Format Version 9.00
# Visual Studio 2005
Project("{F184B08F-C81C-45F6-A57F-5ABD9991F28F}") = "SistemaConsesionario", "SistemaConsesionario.vbproj", "{55120933-43C9-4CCB-B2B4-783B18214213}"
EndProject
Project("{54435603-DBB4-11D2-8724-00A0C9A8B90C}") = "SCA", "..\SCA\SCA.vdproj", "{EABCD786-3A17-4DBE-BAA1-CBD733D2179B}"
EndProject
Global
	GlobalSection(SolutionConfigurationPlatforms) = preSolution
		Debug|Any CPU = Debug|Any CPU
		Release|Any CPU = Release|Any CPU
	EndGlobalSection
	GlobalSection(ProjectConfigurationPlatforms) = postSolution
		{55120933-43C9-4CCB-B2B4-783B18214213}.Debug|Any CPU.ActiveCfg = Debug|Any CPU
		{55120933-43C9-4CCB-B2B4-783B18214213}.Debug|Any CPU.Build.0 = Debug|Any CPU
		{55120933-43C9-4CCB-B2B4-783B18214213}.Release|Any CPU.ActiveCfg = Release|Any CPU
		{55120933-43C9-4CCB-B2B4-783B18214213}.Release|Any CPU.Build.0 = Release|Any CPU
		{EABCD786-3A17-4DBE-BAA1-CBD733D2179B}.Debug|Any CPU.ActiveCfg = Debug
		{EABCD786-3A17-4DBE-BAA1-CBD733D2179B}.Release|Any CPU.ActiveCfg = Release
	EndGlobalSection
	GlobalSection(SolutionProperties) = preSolution
		HideSolutionNode = FALSE
	EndGlobalSection
EndGlobal
